
Microsoft Visual Studio Solution File, Format Version 12.00
# Visual Studio 15
VisualStudioVersion = 15.0.27130.2020
MinimumVisualStudioVersion = 10.0.40219.1
Project("{8BC9CEB8-8B4A-11D0-8D11-00A0C91BC942}") = "DSP", "DSP\DSP.vcxproj", "{B48EE8E2-BA93-412E-A864-A5DB2745C4B3}"
EndProject
Global
	GlobalSection(SolutionConfigurationPlatforms) = preSolution
		Debug|x64 = Debug|x64
		Debug|x86 = Debug|x86
		Publish|x64 = Publish|x64
		Publish|x86 = Publish|x86
		Release|x64 = Release|x64
		Release|x86 = Release|x86
	EndGlobalSection
	GlobalSection(ProjectConfigurationPlatforms) = postSolution
		{B48EE8E2-BA93-412E-A864-A5DB2745C4B3}.Debug|x64.ActiveCfg = Debug|x64
		{B48EE8E2-BA93-412E-A864-A5DB2745C4B3}.Debug|x64.Build.0 = Debug|x64
		{B48EE8E2-BA93-412E-A864-A5DB2745C4B3}.Debug|x86.ActiveCfg = Debug|Win32
		{B48EE8E2-BA93-412E-A864-A5DB2745C4B3}.Publish|x64.ActiveCfg = Debug|x64
		{B48EE8E2-BA93-412E-A864-A5DB2745C4B3}.Publish|x64.Build.0 = Debug|x64
		{B48EE8E2-BA93-412E-A864-A5DB2745C4B3}.Publish|x86.ActiveCfg = Publish|Win32
		{B48EE8E2-BA93-412E-A864-A5DB2745C4B3}.Release|x64.ActiveCfg = Debug|x64
		{B48EE8E2-BA93-412E-A864-A5DB2745C4B3}.Release|x64.Build.0 = Debug|x64
		{B48EE8E2-BA93-412E-A864-A5DB2745C4B3}.Release|x86.ActiveCfg = Release|Win32
	EndGlobalSection
	GlobalSection(SolutionProperties) = preSolution
		HideSolutionNode = FALSE
	EndGlobalSection
	GlobalSection(ExtensibilityGlobals) = postSolution
		SolutionGuid = {5240D974-615E-49DF-93C7-50E80ED1C072}
	EndGlobalSection
EndGlobal
