<?xml version="1.0" encoding="utf-8"?>
<Project ToolsVersion="4.0" xmlns="http://schemas.microsoft.com/developer/msbuild/2003">
  <ItemGroup>
    <Filter Include="Source Files">
      <UniqueIdentifier>{4FC737F1-C7A5-4376-A066-2A32D752A2FF}</UniqueIdentifier>
      <Extensions>cpp;c;cc;cxx;def;odl;idl;hpj;bat;asm;asmx</Extensions>
    </Filter>
    <Filter Include="Header Files">
      <UniqueIdentifier>{93995380-89BD-4b04-88EB-625FBE52EBFB}</UniqueIdentifier>
      <Extensions>h;hh;hpp;hxx;hm;inl;inc;xsd</Extensions>
    </Filter>
    <Filter Include="Resource Files">
      <UniqueIdentifier>{67DA6AB6-F800-4c08-8B7A-83BB121AAD01}</UniqueIdentifier>
      <Extensions>rc;ico;cur;bmp;dlg;rc2;rct;bin;rgs;gif;jpg;jpeg;jpe;resx;tiff;tif;png;wav;mfcribbon-ms</Extensions>
    </Filter>
    <Filter Include="ImGui">
      <UniqueIdentifier>{886861d3-27ac-45d5-9389-459fbb1c584f}</UniqueIdentifier>
    </Filter>
    <Filter Include="ImGui\DX11">
      <UniqueIdentifier>{c275c590-0371-4da1-bf18-5055bcec0ded}</UniqueIdentifier>
    </Filter>
    <Filter Include="Base">
      <UniqueIdentifier>{870b5d02-5fd1-4b04-afdd-b580ba315b03}</UniqueIdentifier>
    </Filter>
    <Filter Include="FMOD">
      <UniqueIdentifier>{399462f8-d5fe-4a60-ac11-976faa3ed505}</UniqueIdentifier>
    </Filter>
    <Filter Include="ImGui\DearImGui">
      <UniqueIdentifier>{38e9823c-4fc0-4274-9e75-93009c876ecf}</UniqueIdentifier>
    </Filter>
    <Filter Include="Base\Math">
      <UniqueIdentifier>{8f351837-e7a7-4e1b-93b3-98420bc5f9a7}</UniqueIdentifier>
    </Filter>
    <Filter Include="Base\FmodSound">
      <UniqueIdentifier>{b1b75dcf-61be-43dc-9148-4dd4bbb030ca}</UniqueIdentifier>
    </Filter>
    <Filter Include="Base\ImGui">
      <UniqueIdentifier>{59bf35f5-e7fa-49f4-8246-8bab2bf2cf4d}</UniqueIdentifier>
    </Filter>
  </ItemGroup>
  <ItemGroup>
    <ClCompile Include="..\DearImGui\DX11\imgui_impl_dx11.cpp">
      <Filter>ImGui\DX11</Filter>
    </ClCompile>
    <ClCompile Include="main.cpp">
      <Filter>Source Files</Filter>
    </ClCompile>
    <ClCompile Include="..\DearImGui\imgui_demo.cpp">
      <Filter>Resource Files</Filter>
    </ClCompile>
    <ClCompile Include="PolarForm.cpp">
      <Filter>Base</Filter>
    </ClCompile>
    <ClCompile Include="Menu.cpp">
      <Filter>Base</Filter>
    </ClCompile>
    <ClCompile Include="..\DearImGui\imgui.cpp">
      <Filter>ImGui\DearImGui</Filter>
    </ClCompile>
    <ClCompile Include="..\DearImGui\imgui_draw.cpp">
      <Filter>ImGui\DearImGui</Filter>
    </ClCompile>
    <ClCompile Include="SoundStream.cpp">
      <Filter>Base\FmodSound</Filter>
    </ClCompile>
    <ClCompile Include="FmodSystem.cpp">
      <Filter>Base\FmodSound</Filter>
    </ClCompile>
    <ClCompile Include="Equation.cpp">
      <Filter>Base</Filter>
    </ClCompile>
    <ClCompile Include="Trigonometric.cpp">
      <Filter>Base\Math</Filter>
    </ClCompile>
    <ClCompile Include="Vector2.cpp">
      <Filter>Base\Math</Filter>
    </ClCompile>
    <ClCompile Include="Angle.cpp">
      <Filter>Base\Math</Filter>
    </ClCompile>
    <ClCompile Include="ImGuiVariable.cpp">
      <Filter>Base\ImGui</Filter>
    </ClCompile>
    <ClCompile Include="EquationComponent.cpp">
      <Filter>Base</Filter>
    </ClCompile>
    <ClCompile Include="ImGuiBase.cpp">
      <Filter>Base\ImGui</Filter>
    </ClCompile>
  </ItemGroup>
  <ItemGroup>
    <ClInclude Include="..\DearImGui\imconfig.h">
      <Filter>ImGui</Filter>
    </ClInclude>
    <ClInclude Include="..\DearImGui\DX11\imgui_impl_dx11.h">
      <Filter>ImGui\DX11</Filter>
    </ClInclude>
    <ClInclude Include="PolarForm.h">
      <Filter>Base</Filter>
    </ClInclude>
    <ClInclude Include="Menu.h">
      <Filter>Base</Filter>
    </ClInclude>
    <ClInclude Include="..\FMOD\inc\fmod.h">
      <Filter>FMOD</Filter>
    </ClInclude>
    <ClInclude Include="..\FMOD\inc\fmod.hpp">
      <Filter>FMOD</Filter>
    </ClInclude>
    <ClInclude Include="..\FMOD\inc\fmod_codec.h">
      <Filter>FMOD</Filter>
    </ClInclude>
    <ClInclude Include="..\FMOD\inc\fmod_common.h">
      <Filter>FMOD</Filter>
    </ClInclude>
    <ClInclude Include="..\FMOD\inc\fmod_dsp.h">
      <Filter>FMOD</Filter>
    </ClInclude>
    <ClInclude Include="..\FMOD\inc\fmod_dsp_effects.h">
      <Filter>FMOD</Filter>
    </ClInclude>
    <ClInclude Include="..\FMOD\inc\fmod_errors.h">
      <Filter>FMOD</Filter>
    </ClInclude>
    <ClInclude Include="..\FMOD\inc\fmod_output.h">
      <Filter>FMOD</Filter>
    </ClInclude>
    <ClInclude Include="..\DearImGui\imgui.h">
      <Filter>ImGui\DearImGui</Filter>
    </ClInclude>
    <ClInclude Include="..\DearImGui\imgui_internal.h">
      <Filter>ImGui\DearImGui</Filter>
    </ClInclude>
    <ClInclude Include="..\DearImGui\stb_rect_pack.h">
      <Filter>ImGui\DearImGui</Filter>
    </ClInclude>
    <ClInclude Include="..\DearImGui\stb_textedit.h">
      <Filter>ImGui\DearImGui</Filter>
    </ClInclude>
    <ClInclude Include="..\DearImGui\stb_truetype.h">
      <Filter>ImGui\DearImGui</Filter>
    </ClInclude>
    <ClInclude Include="SoundStream.h">
      <Filter>Base\FmodSound</Filter>
    </ClInclude>
    <ClInclude Include="FmodSystem.h">
      <Filter>Base\FmodSound</Filter>
    </ClInclude>
    <ClInclude Include="Common.h">
      <Filter>Base</Filter>
    </ClInclude>
    <ClInclude Include="Equation.h">
      <Filter>Base</Filter>
    </ClInclude>
    <ClInclude Include="ImGuiBase.h">
      <Filter>Base\ImGui</Filter>
    </ClInclude>
    <ClInclude Include="Trigonometric.h">
      <Filter>Base\Math</Filter>
    </ClInclude>
    <ClInclude Include="Vector2.h">
      <Filter>Base\Math</Filter>
    </ClInclude>
    <ClInclude Include="..\DearImGui\imgui_user.h">
      <Filter>ImGui</Filter>
    </ClInclude>
    <ClInclude Include="Angle.h">
      <Filter>Base\Math</Filter>
    </ClInclude>
    <ClInclude Include="ImGuiVariable.h">
      <Filter>Base\ImGui</Filter>
    </ClInclude>
    <ClInclude Include="EquationComponent.h">
      <Filter>Base</Filter>
    </ClInclude>
  </ItemGroup>
</Project>